
Microsoft Visual Studio Solution File, Format Version 12.00
# Visual Studio Version 17
VisualStudioVersion = 17.14.36121.58
MinimumVisualStudioVersion = 10.0.40219.1
Project("{FAE04EC0-301F-11D3-BF4B-00C04F79EFBC}") = "Example", "LossyUAssetAPI\Example.csproj", "{10A118CD-5458-4BB7-A92D-39EA6E4F94E9}"
EndProject
Global
	GlobalSection(SolutionConfigurationPlatforms) = preSolution
		Debug|Any CPU = Debug|Any CPU
		Release|Any CPU = Release|Any CPU
	EndGlobalSection
	GlobalSection(ProjectConfigurationPlatforms) = postSolution
		{10A118CD-5458-4BB7-A92D-39EA6E4F94E9}.Debug|Any CPU.ActiveCfg = Debug|Any CPU
		{10A118CD-5458-4BB7-A92D-39EA6E4F94E9}.Debug|Any CPU.Build.0 = Debug|Any CPU
		{10A118CD-5458-4BB7-A92D-39EA6E4F94E9}.Release|Any CPU.ActiveCfg = Release|Any CPU
		{10A118CD-5458-4BB7-A92D-39EA6E4F94E9}.Release|Any CPU.Build.0 = Release|Any CPU
	EndGlobalSection
	GlobalSection(SolutionProperties) = preSolution
		HideSolutionNode = FALSE
	EndGlobalSection
	GlobalSection(ExtensibilityGlobals) = postSolution
		SolutionGuid = {23277A32-2E77-4522-97FA-4921DE6EE46F}
	EndGlobalSection
EndGlobal
